
Microsoft Visual Studio Solution File, Format Version 12.00
# Visual Studio 15
VisualStudioVersion = 15.0.27004.2009
MinimumVisualStudioVersion = 10.0.40219.1
Project("{FAE04EC0-301F-11D3-BF4B-00C04F79EFBC}") = "02. EvenDifferences", "02. EvenDifferences\02. EvenDifferences.csproj", "{81BF8009-CE0B-4975-BB88-5A80319BE49B}"
EndProject
Global
	GlobalSection(SolutionConfigurationPlatforms) = preSolution
		Debug|Any CPU = Debug|Any CPU
		Release|Any CPU = Release|Any CPU
	EndGlobalSection
	GlobalSection(ProjectConfigurationPlatforms) = postSolution
		{81BF8009-CE0B-4975-BB88-5A80319BE49B}.Debug|Any CPU.ActiveCfg = Debug|Any CPU
		{81BF8009-CE0B-4975-BB88-5A80319BE49B}.Debug|Any CPU.Build.0 = Debug|Any CPU
		{81BF8009-CE0B-4975-BB88-5A80319BE49B}.Release|Any CPU.ActiveCfg = Release|Any CPU
		{81BF8009-CE0B-4975-BB88-5A80319BE49B}.Release|Any CPU.Build.0 = Release|Any CPU
	EndGlobalSection
	GlobalSection(SolutionProperties) = preSolution
		HideSolutionNode = FALSE
	EndGlobalSection
	GlobalSection(ExtensibilityGlobals) = postSolution
		SolutionGuid = {F4B53BCE-9D92-4DDA-9207-EED4E77054E3}
	EndGlobalSection
EndGlobal
