
Microsoft Visual Studio Solution File, Format Version 12.00
# Visual Studio 15
VisualStudioVersion = 15.0.27004.2009
MinimumVisualStudioVersion = 10.0.40219.1
Project("{FAE04EC0-301F-11D3-BF4B-00C04F79EFBC}") = "04. PeshoCode", "04. PeshoCode\04. PeshoCode.csproj", "{D989F3E5-9B1E-49B6-B49B-431ADB715541}"
EndProject
Project("{FAE04EC0-301F-11D3-BF4B-00C04F79EFBC}") = "03. Snacky the Snake", "03. Snacky the Snake\03. Snacky the Snake.csproj", "{E98E9103-C1B9-4AF6-BE20-0F9AE9FFF9F4}"
EndProject
Project("{FAE04EC0-301F-11D3-BF4B-00C04F79EFBC}") = "03. SneakyTheSnake", "03. SneakyTheSnake\03. SneakyTheSnake.csproj", "{F5DDAB2C-27FA-4780-A4FD-BB97179BA357}"
EndProject
Project("{FAE04EC0-301F-11D3-BF4B-00C04F79EFBC}") = "04. GoshoCode", "04. GoshoCode\04. GoshoCode.csproj", "{4D10DDC6-9F51-470B-970E-A9BFF4369AF9}"
EndProject
Global
	GlobalSection(SolutionConfigurationPlatforms) = preSolution
		Debug|Any CPU = Debug|Any CPU
		Release|Any CPU = Release|Any CPU
	EndGlobalSection
	GlobalSection(ProjectConfigurationPlatforms) = postSolution
		{D989F3E5-9B1E-49B6-B49B-431ADB715541}.Debug|Any CPU.ActiveCfg = Debug|Any CPU
		{D989F3E5-9B1E-49B6-B49B-431ADB715541}.Debug|Any CPU.Build.0 = Debug|Any CPU
		{D989F3E5-9B1E-49B6-B49B-431ADB715541}.Release|Any CPU.ActiveCfg = Release|Any CPU
		{D989F3E5-9B1E-49B6-B49B-431ADB715541}.Release|Any CPU.Build.0 = Release|Any CPU
		{E98E9103-C1B9-4AF6-BE20-0F9AE9FFF9F4}.Debug|Any CPU.ActiveCfg = Debug|Any CPU
		{E98E9103-C1B9-4AF6-BE20-0F9AE9FFF9F4}.Debug|Any CPU.Build.0 = Debug|Any CPU
		{E98E9103-C1B9-4AF6-BE20-0F9AE9FFF9F4}.Release|Any CPU.ActiveCfg = Release|Any CPU
		{E98E9103-C1B9-4AF6-BE20-0F9AE9FFF9F4}.Release|Any CPU.Build.0 = Release|Any CPU
		{F5DDAB2C-27FA-4780-A4FD-BB97179BA357}.Debug|Any CPU.ActiveCfg = Debug|Any CPU
		{F5DDAB2C-27FA-4780-A4FD-BB97179BA357}.Debug|Any CPU.Build.0 = Debug|Any CPU
		{F5DDAB2C-27FA-4780-A4FD-BB97179BA357}.Release|Any CPU.ActiveCfg = Release|Any CPU
		{F5DDAB2C-27FA-4780-A4FD-BB97179BA357}.Release|Any CPU.Build.0 = Release|Any CPU
		{4D10DDC6-9F51-470B-970E-A9BFF4369AF9}.Debug|Any CPU.ActiveCfg = Debug|Any CPU
		{4D10DDC6-9F51-470B-970E-A9BFF4369AF9}.Debug|Any CPU.Build.0 = Debug|Any CPU
		{4D10DDC6-9F51-470B-970E-A9BFF4369AF9}.Release|Any CPU.ActiveCfg = Release|Any CPU
		{4D10DDC6-9F51-470B-970E-A9BFF4369AF9}.Release|Any CPU.Build.0 = Release|Any CPU
	EndGlobalSection
	GlobalSection(SolutionProperties) = preSolution
		HideSolutionNode = FALSE
	EndGlobalSection
	GlobalSection(ExtensibilityGlobals) = postSolution
		SolutionGuid = {6828CDEA-2224-4A53-9695-549454B144F7}
	EndGlobalSection
EndGlobal
