
Microsoft Visual Studio Solution File, Format Version 12.00
# Visual Studio 15
VisualStudioVersion = 15.0.26430.16
MinimumVisualStudioVersion = 10.0.40219.1
Project("{FAE04EC0-301F-11D3-BF4B-00C04F79EFBC}") = "01. AllocateArray", "01. AllocateArray\01. AllocateArray.csproj", "{A315CC36-7F02-4A89-8ED7-A64B12054907}"
EndProject
Project("{FAE04EC0-301F-11D3-BF4B-00C04F79EFBC}") = "02. CompareArrays", "02. CompareArrays\02. CompareArrays.csproj", "{33CE41DC-1B8F-4F21-9B24-C60C459539A6}"
EndProject
Project("{FAE04EC0-301F-11D3-BF4B-00C04F79EFBC}") = "03. CompareCharArrays", "03. CompareCharArrays\03. CompareCharArrays.csproj", "{C875DE9A-18A1-4EEA-9403-28C1326A0476}"
EndProject
Project("{FAE04EC0-301F-11D3-BF4B-00C04F79EFBC}") = "04. MaximalSequence", "04. MaximalSequence\04. MaximalSequence.csproj", "{4438B3CB-E3E1-4512-8470-430EA4298C0D}"
EndProject
Project("{FAE04EC0-301F-11D3-BF4B-00C04F79EFBC}") = "05. MaximalIncreasingSequence", "05. MaximalIncreasingSequence\05. MaximalIncreasingSequence.csproj", "{EECC4C05-6755-4131-8792-C1128BE4E6C8}"
EndProject
Project("{FAE04EC0-301F-11D3-BF4B-00C04F79EFBC}") = "06. MaximalKSum", "06. MaximalKSum\06. MaximalKSum.csproj", "{272BA58B-082C-492C-A754-923E9D711465}"
EndProject
Project("{FAE04EC0-301F-11D3-BF4B-00C04F79EFBC}") = "07. SelectionSort", "07. SelectionSort\07. SelectionSort.csproj", "{057E9392-D01D-46F6-B6AE-166761945A25}"
EndProject
Project("{FAE04EC0-301F-11D3-BF4B-00C04F79EFBC}") = "08. MaximalSum", "08. MaximalSum\08. MaximalSum.csproj", "{A68B708F-9687-495E-AF67-99A540B9369D}"
EndProject
Project("{FAE04EC0-301F-11D3-BF4B-00C04F79EFBC}") = "09. MostFrequentNumber", "09. MostFrequentNumber\09. MostFrequentNumber.csproj", "{E789624A-36C2-4649-8BDA-2854179B18D9}"
EndProject
Project("{FAE04EC0-301F-11D3-BF4B-00C04F79EFBC}") = "10. BinarySearch", "10. BinarySearch\10. BinarySearch.csproj", "{8188623C-6781-43C1-8BA6-25222CAE480B}"
EndProject
Global
	GlobalSection(SolutionConfigurationPlatforms) = preSolution
		Debug|Any CPU = Debug|Any CPU
		Release|Any CPU = Release|Any CPU
	EndGlobalSection
	GlobalSection(ProjectConfigurationPlatforms) = postSolution
		{A315CC36-7F02-4A89-8ED7-A64B12054907}.Debug|Any CPU.ActiveCfg = Debug|Any CPU
		{A315CC36-7F02-4A89-8ED7-A64B12054907}.Debug|Any CPU.Build.0 = Debug|Any CPU
		{A315CC36-7F02-4A89-8ED7-A64B12054907}.Release|Any CPU.ActiveCfg = Release|Any CPU
		{A315CC36-7F02-4A89-8ED7-A64B12054907}.Release|Any CPU.Build.0 = Release|Any CPU
		{33CE41DC-1B8F-4F21-9B24-C60C459539A6}.Debug|Any CPU.ActiveCfg = Debug|Any CPU
		{33CE41DC-1B8F-4F21-9B24-C60C459539A6}.Debug|Any CPU.Build.0 = Debug|Any CPU
		{33CE41DC-1B8F-4F21-9B24-C60C459539A6}.Release|Any CPU.ActiveCfg = Release|Any CPU
		{33CE41DC-1B8F-4F21-9B24-C60C459539A6}.Release|Any CPU.Build.0 = Release|Any CPU
		{C875DE9A-18A1-4EEA-9403-28C1326A0476}.Debug|Any CPU.ActiveCfg = Debug|Any CPU
		{C875DE9A-18A1-4EEA-9403-28C1326A0476}.Debug|Any CPU.Build.0 = Debug|Any CPU
		{C875DE9A-18A1-4EEA-9403-28C1326A0476}.Release|Any CPU.ActiveCfg = Release|Any CPU
		{C875DE9A-18A1-4EEA-9403-28C1326A0476}.Release|Any CPU.Build.0 = Release|Any CPU
		{4438B3CB-E3E1-4512-8470-430EA4298C0D}.Debug|Any CPU.ActiveCfg = Debug|Any CPU
		{4438B3CB-E3E1-4512-8470-430EA4298C0D}.Debug|Any CPU.Build.0 = Debug|Any CPU
		{4438B3CB-E3E1-4512-8470-430EA4298C0D}.Release|Any CPU.ActiveCfg = Release|Any CPU
		{4438B3CB-E3E1-4512-8470-430EA4298C0D}.Release|Any CPU.Build.0 = Release|Any CPU
		{EECC4C05-6755-4131-8792-C1128BE4E6C8}.Debug|Any CPU.ActiveCfg = Debug|Any CPU
		{EECC4C05-6755-4131-8792-C1128BE4E6C8}.Debug|Any CPU.Build.0 = Debug|Any CPU
		{EECC4C05-6755-4131-8792-C1128BE4E6C8}.Release|Any CPU.ActiveCfg = Release|Any CPU
		{EECC4C05-6755-4131-8792-C1128BE4E6C8}.Release|Any CPU.Build.0 = Release|Any CPU
		{272BA58B-082C-492C-A754-923E9D711465}.Debug|Any CPU.ActiveCfg = Debug|Any CPU
		{272BA58B-082C-492C-A754-923E9D711465}.Debug|Any CPU.Build.0 = Debug|Any CPU
		{272BA58B-082C-492C-A754-923E9D711465}.Release|Any CPU.ActiveCfg = Release|Any CPU
		{272BA58B-082C-492C-A754-923E9D711465}.Release|Any CPU.Build.0 = Release|Any CPU
		{057E9392-D01D-46F6-B6AE-166761945A25}.Debug|Any CPU.ActiveCfg = Debug|Any CPU
		{057E9392-D01D-46F6-B6AE-166761945A25}.Debug|Any CPU.Build.0 = Debug|Any CPU
		{057E9392-D01D-46F6-B6AE-166761945A25}.Release|Any CPU.ActiveCfg = Release|Any CPU
		{057E9392-D01D-46F6-B6AE-166761945A25}.Release|Any CPU.Build.0 = Release|Any CPU
		{A68B708F-9687-495E-AF67-99A540B9369D}.Debug|Any CPU.ActiveCfg = Debug|Any CPU
		{A68B708F-9687-495E-AF67-99A540B9369D}.Debug|Any CPU.Build.0 = Debug|Any CPU
		{A68B708F-9687-495E-AF67-99A540B9369D}.Release|Any CPU.ActiveCfg = Release|Any CPU
		{A68B708F-9687-495E-AF67-99A540B9369D}.Release|Any CPU.Build.0 = Release|Any CPU
		{E789624A-36C2-4649-8BDA-2854179B18D9}.Debug|Any CPU.ActiveCfg = Debug|Any CPU
		{E789624A-36C2-4649-8BDA-2854179B18D9}.Debug|Any CPU.Build.0 = Debug|Any CPU
		{E789624A-36C2-4649-8BDA-2854179B18D9}.Release|Any CPU.ActiveCfg = Release|Any CPU
		{E789624A-36C2-4649-8BDA-2854179B18D9}.Release|Any CPU.Build.0 = Release|Any CPU
		{8188623C-6781-43C1-8BA6-25222CAE480B}.Debug|Any CPU.ActiveCfg = Debug|Any CPU
		{8188623C-6781-43C1-8BA6-25222CAE480B}.Debug|Any CPU.Build.0 = Debug|Any CPU
		{8188623C-6781-43C1-8BA6-25222CAE480B}.Release|Any CPU.ActiveCfg = Release|Any CPU
		{8188623C-6781-43C1-8BA6-25222CAE480B}.Release|Any CPU.Build.0 = Release|Any CPU
	EndGlobalSection
	GlobalSection(SolutionProperties) = preSolution
		HideSolutionNode = FALSE
	EndGlobalSection
EndGlobal
